
Microsoft Visual Studio Solution File, Format Version 12.00
# Visual Studio Version 17
VisualStudioVersion = 17.3.32819.101
MinimumVisualStudioVersion = 10.0.40219.1
Project("{FAE04EC0-301F-11D3-BF4B-00C04F79EFBC}") = "DeliveryService", "DeliveryService\DeliveryService.csproj", "{DFBD28CE-B763-438F-9C83-29659CC71899}"
EndProject
Global
	GlobalSection(SolutionConfigurationPlatforms) = preSolution
		Debug|Any CPU = Debug|Any CPU
		Release|Any CPU = Release|Any CPU
	EndGlobalSection
	GlobalSection(ProjectConfigurationPlatforms) = postSolution
		{DFBD28CE-B763-438F-9C83-29659CC71899}.Debug|Any CPU.ActiveCfg = Debug|Any CPU
		{DFBD28CE-B763-438F-9C83-29659CC71899}.Debug|Any CPU.Build.0 = Debug|Any CPU
		{DFBD28CE-B763-438F-9C83-29659CC71899}.Release|Any CPU.ActiveCfg = Release|Any CPU
		{DFBD28CE-B763-438F-9C83-29659CC71899}.Release|Any CPU.Build.0 = Release|Any CPU
	EndGlobalSection
	GlobalSection(SolutionProperties) = preSolution
		HideSolutionNode = FALSE
	EndGlobalSection
	GlobalSection(ExtensibilityGlobals) = postSolution
		SolutionGuid = {3803B70B-D9A1-45DD-9C83-EA5DDA22675F}
	EndGlobalSection
EndGlobal
